
Microsoft Visual Studio Solution File, Format Version 12.00
# Visual Studio Version 17
VisualStudioVersion = 17.0.31903.59
MinimumVisualStudioVersion = 10.0.40219.1
Project("{FAE04EC0-301F-11D3-BF4B-00C04F79EFBC}") = "API", "API\API.csproj", "{0E374400-15A5-4B13-891A-ECDABB5004E1}"
EndProject
Project("{FAE04EC0-301F-11D3-BF4B-00C04F79EFBC}") = "Application", "Application\Application.csproj", "{46008AD8-3683-4C07-A055-8B5BB271E43C}"
EndProject
Project("{FAE04EC0-301F-11D3-BF4B-00C04F79EFBC}") = "Domain", "Domain\Domain.csproj", "{599530D6-1A70-4ECF-97B9-1ACDA3379D6B}"
EndProject
Project("{FAE04EC0-301F-11D3-BF4B-00C04F79EFBC}") = "Persistence", "Persistence\Persistence.csproj", "{2985CF3A-61FE-4406-9642-ADE4D9CC8DD0}"
EndProject
Global
	GlobalSection(SolutionConfigurationPlatforms) = preSolution
		Debug|Any CPU = Debug|Any CPU
		Release|Any CPU = Release|Any CPU
	EndGlobalSection
	GlobalSection(SolutionProperties) = preSolution
		HideSolutionNode = FALSE
	EndGlobalSection
	GlobalSection(ProjectConfigurationPlatforms) = postSolution
		{0E374400-15A5-4B13-891A-ECDABB5004E1}.Debug|Any CPU.ActiveCfg = Debug|Any CPU
		{0E374400-15A5-4B13-891A-ECDABB5004E1}.Debug|Any CPU.Build.0 = Debug|Any CPU
		{0E374400-15A5-4B13-891A-ECDABB5004E1}.Release|Any CPU.ActiveCfg = Release|Any CPU
		{0E374400-15A5-4B13-891A-ECDABB5004E1}.Release|Any CPU.Build.0 = Release|Any CPU
		{46008AD8-3683-4C07-A055-8B5BB271E43C}.Debug|Any CPU.ActiveCfg = Debug|Any CPU
		{46008AD8-3683-4C07-A055-8B5BB271E43C}.Debug|Any CPU.Build.0 = Debug|Any CPU
		{46008AD8-3683-4C07-A055-8B5BB271E43C}.Release|Any CPU.ActiveCfg = Release|Any CPU
		{46008AD8-3683-4C07-A055-8B5BB271E43C}.Release|Any CPU.Build.0 = Release|Any CPU
		{599530D6-1A70-4ECF-97B9-1ACDA3379D6B}.Debug|Any CPU.ActiveCfg = Debug|Any CPU
		{599530D6-1A70-4ECF-97B9-1ACDA3379D6B}.Debug|Any CPU.Build.0 = Debug|Any CPU
		{599530D6-1A70-4ECF-97B9-1ACDA3379D6B}.Release|Any CPU.ActiveCfg = Release|Any CPU
		{599530D6-1A70-4ECF-97B9-1ACDA3379D6B}.Release|Any CPU.Build.0 = Release|Any CPU
		{2985CF3A-61FE-4406-9642-ADE4D9CC8DD0}.Debug|Any CPU.ActiveCfg = Debug|Any CPU
		{2985CF3A-61FE-4406-9642-ADE4D9CC8DD0}.Debug|Any CPU.Build.0 = Debug|Any CPU
		{2985CF3A-61FE-4406-9642-ADE4D9CC8DD0}.Release|Any CPU.ActiveCfg = Release|Any CPU
		{2985CF3A-61FE-4406-9642-ADE4D9CC8DD0}.Release|Any CPU.Build.0 = Release|Any CPU
	EndGlobalSection
EndGlobal
